# This file is automatically @generated by Cargo.
# It is not intended for manual editing.
version = 3

[[package]]
name = "libm"
version = "0.2.16"
source = "registry+https://github.com/rust-lang/crates.io-index"
checksum = "b6d2cec3eae94f9f509c767b45932f1ada8350c4bdb85af2fcab4a3c14807981"

[[package]]
name = "moirai"
version = "0.1.0"

[[package]]
name = "no-std-compat"
version = "0.4.1"
source = "registry+https://github.com/rust-lang/crates.io-index"
checksum = "b93853da6d84c2e3c7d730d6473e8817692dd89be387eb01b94d7f108ecb5b8c"

[[package]]
name = "wyrd-for-games"
version = "0.4.0"
dependencies = [
 "libm",
 "no-std-compat",
]

[[package]]
name = "wyrd-moirai"
version = "0.0.0"
dependencies = [
 "moirai",
 "wyrd-for-games",
]
